
Microsoft Visual Studio Solution File, Format Version 12.00
# Visual Studio Version 17
VisualStudioVersion = 17.8.34330.188
MinimumVisualStudioVersion = 10.0.40219.1
Project("{8BC9CEB8-8B4A-11D0-8D11-00A0C91BC942}") = "part2", "part2.vcxproj", "{E531A61F-BB13-4345-AC21-A200A75BE51D}"
EndProject
Global
	GlobalSection(SolutionConfigurationPlatforms) = preSolution
		Debug|x64 = Debug|x64
		Debug|x86 = Debug|x86
		Release|x64 = Release|x64
		Release|x86 = Release|x86
	EndGlobalSection
	GlobalSection(ProjectConfigurationPlatforms) = postSolution
		{E531A61F-BB13-4345-AC21-A200A75BE51D}.Debug|x64.ActiveCfg = Debug|x64
		{E531A61F-BB13-4345-AC21-A200A75BE51D}.Debug|x64.Build.0 = Debug|x64
		{E531A61F-BB13-4345-AC21-A200A75BE51D}.Debug|x86.ActiveCfg = Debug|Win32
		{E531A61F-BB13-4345-AC21-A200A75BE51D}.Debug|x86.Build.0 = Debug|Win32
		{E531A61F-BB13-4345-AC21-A200A75BE51D}.Release|x64.ActiveCfg = Release|x64
		{E531A61F-BB13-4345-AC21-A200A75BE51D}.Release|x64.Build.0 = Release|x64
		{E531A61F-BB13-4345-AC21-A200A75BE51D}.Release|x86.ActiveCfg = Release|Win32
		{E531A61F-BB13-4345-AC21-A200A75BE51D}.Release|x86.Build.0 = Release|Win32
	EndGlobalSection
	GlobalSection(SolutionProperties) = preSolution
		HideSolutionNode = FALSE
	EndGlobalSection
	GlobalSection(ExtensibilityGlobals) = postSolution
		SolutionGuid = {248272BE-F7CD-4DF7-8A1D-685CE08806DA}
	EndGlobalSection
EndGlobal
